
Microsoft Visual Studio Solution File, Format Version 12.00
# Visual Studio Version 16
VisualStudioVersion = 16.0.31205.134
MinimumVisualStudioVersion = 10.0.40219.1
Project("{9A19103F-16F7-4668-BE54-9A1E7A4F7556}") = "WebApplication1", "WebApplication1\WebApplication1.csproj", "{241DAA61-80E6-4886-B62B-DC8228DFE37B}"
EndProject
Project("{9A19103F-16F7-4668-BE54-9A1E7A4F7556}") = "WebApiData", "ClassLibrary2\WebApiData.csproj", "{EEBA3C80-52C9-4611-B9C1-353E56DB0587}"
EndProject
Global
	GlobalSection(SolutionConfigurationPlatforms) = preSolution
		Debug|Any CPU = Debug|Any CPU
		Release|Any CPU = Release|Any CPU
	EndGlobalSection
	GlobalSection(ProjectConfigurationPlatforms) = postSolution
		{241DAA61-80E6-4886-B62B-DC8228DFE37B}.Debug|Any CPU.ActiveCfg = Debug|Any CPU
		{241DAA61-80E6-4886-B62B-DC8228DFE37B}.Debug|Any CPU.Build.0 = Debug|Any CPU
		{241DAA61-80E6-4886-B62B-DC8228DFE37B}.Release|Any CPU.ActiveCfg = Release|Any CPU
		{241DAA61-80E6-4886-B62B-DC8228DFE37B}.Release|Any CPU.Build.0 = Release|Any CPU
		{EEBA3C80-52C9-4611-B9C1-353E56DB0587}.Debug|Any CPU.ActiveCfg = Debug|Any CPU
		{EEBA3C80-52C9-4611-B9C1-353E56DB0587}.Debug|Any CPU.Build.0 = Debug|Any CPU
		{EEBA3C80-52C9-4611-B9C1-353E56DB0587}.Release|Any CPU.ActiveCfg = Release|Any CPU
		{EEBA3C80-52C9-4611-B9C1-353E56DB0587}.Release|Any CPU.Build.0 = Release|Any CPU
	EndGlobalSection
	GlobalSection(SolutionProperties) = preSolution
		HideSolutionNode = FALSE
	EndGlobalSection
	GlobalSection(ExtensibilityGlobals) = postSolution
		SolutionGuid = {1006D6D0-24DF-44E7-9AD5-450A10C7248A}
	EndGlobalSection
EndGlobal
